{
  "name": "module1",
  "lockfileVersion": 3,
  "requires": true,
  "packages": {
    "": {
      "dependencies": {
        "@chemzqm/neovim": "^6.1.2"
      }
    },
    "node_modules/@chemzqm/msgpack-lite": {
      "version": "0.1.29",
      "resolved": "https://registry.npmjs.org/@chemzqm/msgpack-lite/-/msgpack-lite-0.1.29.tgz",
      "integrity": "sha512-WbOT869c9BBLTpd51tQaFQRxwQZGaFzaaz03/df8zvXpHW8Xkfvw5u9SBxYuf+noJqeRKQxXsLWzeipMj2p3bQ==",
      "dependencies": {
        "ieee754": "^1.1.8",
        "int64-buffer": "^0.1.9"
      },
      "bin": {
        "msgpack": "bin/msgpack"
      }
    },
    "node_modules/@chemzqm/neovim": {
      "version": "6.1.2",
      "resolved": "https://registry.npmjs.org/@chemzqm/neovim/-/neovim-6.1.2.tgz",
      "integrity": "sha512-gUQrGlz8cYOgywfj0S8Nht2WfTFQtLvun/erdCIhFdnK0eh1GhxcR2nM5xk1PcSXP3ewRK40gbRgJ3RFP6CSqQ==",
      "dependencies": {
        "@chemzqm/msgpack-lite": "^0.1.29"
      }
    },
    "node_modules/ieee754": {
      "version": "1.2.1",
      "resolved": "https://registry.npmjs.org/ieee754/-/ieee754-1.2.1.tgz",
      "integrity": "sha512-dcyqhDvX1C46lXZcVqCpK+FtMRQVdIMN6/Df5js2zouUsqG7I6sFxitIC+7KYK29KdXOLHdu9zL4sFnoVQnqaA==",
      "funding": [
        {
          "type": "github",
          "url": "https://github.com/sponsors/feross"
        },
        {
          "type": "patreon",
          "url": "https://www.patreon.com/feross"
        },
        {
          "type": "consulting",
          "url": "https://feross.org/support"
        }
      ]
    },
    "node_modules/int64-buffer": {
      "version": "0.1.10",
      "resolved": "https://registry.npmjs.org/int64-buffer/-/int64-buffer-0.1.10.tgz",
      "integrity": "sha512-v7cSY1J8ydZ0GyjUHqF+1bshJ6cnEVLo9EnjB8p+4HDRPZc9N5jjmvUV7NvEsqQOKyH0pmIBFWXVQbiS0+OBbA=="
    }
  }
}
